
Microsoft Visual Studio Solution File, Format Version 12.00
# Visual Studio Version 17
VisualStudioVersion = 17.9.34723.18
MinimumVisualStudioVersion = 10.0.40219.1
Project("{9A19103F-16F7-4668-BE54-9A1E7A4F7556}") = "CommanderGQL", "CommanderGQL.csproj", "{6AE7AFBA-BD98-4AC1-83DB-45F7A8D2A999}"
EndProject
Global
	GlobalSection(SolutionConfigurationPlatforms) = preSolution
		Debug|Any CPU = Debug|Any CPU
		Release|Any CPU = Release|Any CPU
	EndGlobalSection
	GlobalSection(ProjectConfigurationPlatforms) = postSolution
		{6AE7AFBA-BD98-4AC1-83DB-45F7A8D2A999}.Debug|Any CPU.ActiveCfg = Debug|Any CPU
		{6AE7AFBA-BD98-4AC1-83DB-45F7A8D2A999}.Debug|Any CPU.Build.0 = Debug|Any CPU
		{6AE7AFBA-BD98-4AC1-83DB-45F7A8D2A999}.Release|Any CPU.ActiveCfg = Release|Any CPU
		{6AE7AFBA-BD98-4AC1-83DB-45F7A8D2A999}.Release|Any CPU.Build.0 = Release|Any CPU
	EndGlobalSection
	GlobalSection(SolutionProperties) = preSolution
		HideSolutionNode = FALSE
	EndGlobalSection
	GlobalSection(ExtensibilityGlobals) = postSolution
		SolutionGuid = {B915EF48-8E09-4792-B60C-9A2A88977F91}
	EndGlobalSection
EndGlobal
